
Microsoft Visual Studio Solution File, Format Version 12.00
Project("{2150E333-8FDC-42A3-9474-1A3956D46DE8}") = "Singleton-Scoped-Transient", "Singleton-Scoped-Transient", "{A7EBD14B-EA0F-4ADA-A1B0-BCD27ADD92BB}"
EndProject
Project("{2150E333-8FDC-42A3-9474-1A3956D46DE8}") = "Middleware", "Middleware", "{16EF5B5F-1C8F-4454-A88B-308A41A05E5F}"
EndProject
Project("{2150E333-8FDC-42A3-9474-1A3956D46DE8}") = "Generic Repository", "Generic Repository", "{E43D4939-437E-4E63-B98C-BE80E9CE887F}"
EndProject
Project("{2150E333-8FDC-42A3-9474-1A3956D46DE8}") = "Clean Code", "Clean Code", "{DC52B547-9706-4B78-8DE5-CBCCA22CFE73}"
EndProject
Project("{2150E333-8FDC-42A3-9474-1A3956D46DE8}") = "Versioning", "Versioning", "{A7465D42-F0A2-4A32-A5A5-DFF88F931871}"
EndProject
Project("{2150E333-8FDC-42A3-9474-1A3956D46DE8}") = "Swagger", "Swagger", "{793D82C8-BD06-409E-8BB4-CBCEE6BD0C31}"
EndProject
Project("{FAE04EC0-301F-11D3-BF4B-00C04F79EFBC}") = "Homework-4.Clean-Code", "Clean Code\Homework-4.Clean-Code\Homework-4.Clean-Code.csproj", "{DD6D7612-EFDB-48ED-8C15-C2185B7A7012}"
EndProject
Project("{FAE04EC0-301F-11D3-BF4B-00C04F79EFBC}") = "Homework-4.Blog.API", "Generic Repository\Homework-4.Blog.API\Homework-4.Blog.API.csproj", "{765CC6FF-3445-4930-B1E8-6D0C58281067}"
EndProject
Project("{FAE04EC0-301F-11D3-BF4B-00C04F79EFBC}") = "Homework-4.Blog.Data", "Generic Repository\Homework-4.Blog.Data\Homework-4.Blog.Data.csproj", "{21F90420-EBBE-43C0-8494-8F14DBB9AC3E}"
EndProject
Project("{FAE04EC0-301F-11D3-BF4B-00C04F79EFBC}") = "Homework-4.Blog.Domain", "Generic Repository\Homework-4.Blog.Domain\Homework-4.Blog.Domain.csproj", "{14850E91-709F-4BA4-9309-2BB06176F11C}"
EndProject
Project("{FAE04EC0-301F-11D3-BF4B-00C04F79EFBC}") = "Homework-4.Blog.IoC", "Generic Repository\Homework-4.Blog.IoC\Homework-4.Blog.IoC.csproj", "{6DBE3009-80FF-484D-9D81-60CBDB8E2E78}"
EndProject
Project("{FAE04EC0-301F-11D3-BF4B-00C04F79EFBC}") = "Homework-4.Blog.Services", "Generic Repository\Homework-4.Blog.Services\Homework-4.Blog.Services.csproj", "{639227CD-9E9A-4913-B059-6918190E9238}"
EndProject
Project("{FAE04EC0-301F-11D3-BF4B-00C04F79EFBC}") = "Homework-4.Middleware.API", "Middleware\Homework-4.Middleware.API\Homework-4.Middleware.API.csproj", "{75AD4C3A-BAD4-45B5-9B51-DE7F98BC4ACD}"
EndProject
Project("{FAE04EC0-301F-11D3-BF4B-00C04F79EFBC}") = "Homework-4.Middleware.Infrastructure", "Middleware\Homework-4.Middleware.Infrastructure\Homework-4.Middleware.Infrastructure.csproj", "{AA371218-BFD8-4D87-B468-A66A34DFF9D5}"
EndProject
Project("{FAE04EC0-301F-11D3-BF4B-00C04F79EFBC}") = "Homework-4.Middleware.Services", "Middleware\Homework-4.Middleware.Services\Homework-4.Middleware.Services.csproj", "{B6CE79FD-8904-4116-8FA3-0507F87603EC}"
EndProject
Project("{FAE04EC0-301F-11D3-BF4B-00C04F79EFBC}") = "Homework-4.Singleton-Transient-Scoped.API", "Singleton-Transient-Scoped\Homework-4.Singleton-Transient-Scoped.API\Homework-4.Singleton-Transient-Scoped.API.csproj", "{5429736A-5E60-4314-8B02-851108AA076F}"
EndProject
Project("{FAE04EC0-301F-11D3-BF4B-00C04F79EFBC}") = "Homework-4.Swagger.API", "Swagger\Homework-4.Swagger.API\Homework-4.Swagger.API.csproj", "{ECAC6B9C-AFC2-4F43-94BE-6CC9E56F0B14}"
EndProject
Project("{FAE04EC0-301F-11D3-BF4B-00C04F79EFBC}") = "Homework-4.Swagger.Infrastructure", "Swagger\Homework-4.Swagger.Infrastructure\Homework-4.Swagger.Infrastructure.csproj", "{B6184314-8205-4C58-9731-FB04937A50E8}"
EndProject
Project("{FAE04EC0-301F-11D3-BF4B-00C04F79EFBC}") = "Homework-4.Swagger.IoC", "Swagger\Homework-4.Swagger.IoC\Homework-4.Swagger.IoC.csproj", "{C5825265-41A2-47EC-830F-B30C6B9A827E}"
EndProject
Project("{FAE04EC0-301F-11D3-BF4B-00C04F79EFBC}") = "Homework-4.Swagger.Services", "Swagger\Homework-4.Swagger.Services\Homework-4.Swagger.Services.csproj", "{C6D717D3-D6B4-45DC-AF25-267E063CCCB6}"
EndProject
Project("{FAE04EC0-301F-11D3-BF4B-00C04F79EFBC}") = "Homework-4.Versioning.API", "Versioning\Homework-4.Versioning.API\Homework-4.Versioning.API.csproj", "{AE4C32CC-3195-41F9-9121-550E776974A6}"
EndProject
Project("{2150E333-8FDC-42A3-9474-1A3956D46DE8}") = "Whitelist", "Whitelist", "{BCEAD826-6502-4942-A9BC-45C933FAF30D}"
EndProject
Project("{2150E333-8FDC-42A3-9474-1A3956D46DE8}") = "Worker Service", "Worker Service", "{85BBAB34-36AE-41C0-8593-B2252329B7CB}"
EndProject
Project("{FAE04EC0-301F-11D3-BF4B-00C04F79EFBC}") = "Homework-4.WorkerService", "Worker Services\Homework-4.WorkerService\Homework-4.WorkerService.csproj", "{80A69652-361A-4B9B-90CC-4E18AF919D4B}"
EndProject
Project("{FAE04EC0-301F-11D3-BF4B-00C04F79EFBC}") = "Homework-4.Worker-Service.Services", "Worker Services\Homework-4.Worker-Service.Services\Homework-4.Worker-Service.Services.csproj", "{A6140314-454D-44FF-A989-F5A79973C2DA}"
EndProject
Project("{FAE04EC0-301F-11D3-BF4B-00C04F79EFBC}") = "Homework-4.Jwt.API", "Jwt\Homework-4.Jwt.API\Homework-4.Jwt.API.csproj", "{CE194D5B-4086-4B8D-B8E4-B6F5849BBDDB}"
EndProject
Project("{2150E333-8FDC-42A3-9474-1A3956D46DE8}") = "Jwt", "Jwt", "{EFFBB7E1-D0F5-4FD9-9F26-EB78062E1474}"
EndProject
Project("{FAE04EC0-301F-11D3-BF4B-00C04F79EFBC}") = "Homework-4.Whitelist.API", "Whitelist\Homework-4.Whitelist.API\Homework-4.Whitelist.API.csproj", "{8CF1F281-E935-49F2-8F0F-1DB12B44E830}"
EndProject
Global
	GlobalSection(SolutionConfigurationPlatforms) = preSolution
		Debug|Any CPU = Debug|Any CPU
		Release|Any CPU = Release|Any CPU
	EndGlobalSection
	GlobalSection(ProjectConfigurationPlatforms) = postSolution
		{DD6D7612-EFDB-48ED-8C15-C2185B7A7012}.Debug|Any CPU.ActiveCfg = Debug|Any CPU
		{DD6D7612-EFDB-48ED-8C15-C2185B7A7012}.Debug|Any CPU.Build.0 = Debug|Any CPU
		{DD6D7612-EFDB-48ED-8C15-C2185B7A7012}.Release|Any CPU.ActiveCfg = Release|Any CPU
		{DD6D7612-EFDB-48ED-8C15-C2185B7A7012}.Release|Any CPU.Build.0 = Release|Any CPU
		{765CC6FF-3445-4930-B1E8-6D0C58281067}.Debug|Any CPU.ActiveCfg = Debug|Any CPU
		{765CC6FF-3445-4930-B1E8-6D0C58281067}.Debug|Any CPU.Build.0 = Debug|Any CPU
		{765CC6FF-3445-4930-B1E8-6D0C58281067}.Release|Any CPU.ActiveCfg = Release|Any CPU
		{765CC6FF-3445-4930-B1E8-6D0C58281067}.Release|Any CPU.Build.0 = Release|Any CPU
		{21F90420-EBBE-43C0-8494-8F14DBB9AC3E}.Debug|Any CPU.ActiveCfg = Debug|Any CPU
		{21F90420-EBBE-43C0-8494-8F14DBB9AC3E}.Debug|Any CPU.Build.0 = Debug|Any CPU
		{21F90420-EBBE-43C0-8494-8F14DBB9AC3E}.Release|Any CPU.ActiveCfg = Release|Any CPU
		{21F90420-EBBE-43C0-8494-8F14DBB9AC3E}.Release|Any CPU.Build.0 = Release|Any CPU
		{14850E91-709F-4BA4-9309-2BB06176F11C}.Debug|Any CPU.ActiveCfg = Debug|Any CPU
		{14850E91-709F-4BA4-9309-2BB06176F11C}.Debug|Any CPU.Build.0 = Debug|Any CPU
		{14850E91-709F-4BA4-9309-2BB06176F11C}.Release|Any CPU.ActiveCfg = Release|Any CPU
		{14850E91-709F-4BA4-9309-2BB06176F11C}.Release|Any CPU.Build.0 = Release|Any CPU
		{6DBE3009-80FF-484D-9D81-60CBDB8E2E78}.Debug|Any CPU.ActiveCfg = Debug|Any CPU
		{6DBE3009-80FF-484D-9D81-60CBDB8E2E78}.Debug|Any CPU.Build.0 = Debug|Any CPU
		{6DBE3009-80FF-484D-9D81-60CBDB8E2E78}.Release|Any CPU.ActiveCfg = Release|Any CPU
		{6DBE3009-80FF-484D-9D81-60CBDB8E2E78}.Release|Any CPU.Build.0 = Release|Any CPU
		{639227CD-9E9A-4913-B059-6918190E9238}.Debug|Any CPU.ActiveCfg = Debug|Any CPU
		{639227CD-9E9A-4913-B059-6918190E9238}.Debug|Any CPU.Build.0 = Debug|Any CPU
		{639227CD-9E9A-4913-B059-6918190E9238}.Release|Any CPU.ActiveCfg = Release|Any CPU
		{639227CD-9E9A-4913-B059-6918190E9238}.Release|Any CPU.Build.0 = Release|Any CPU
		{75AD4C3A-BAD4-45B5-9B51-DE7F98BC4ACD}.Debug|Any CPU.ActiveCfg = Debug|Any CPU
		{75AD4C3A-BAD4-45B5-9B51-DE7F98BC4ACD}.Debug|Any CPU.Build.0 = Debug|Any CPU
		{75AD4C3A-BAD4-45B5-9B51-DE7F98BC4ACD}.Release|Any CPU.ActiveCfg = Release|Any CPU
		{75AD4C3A-BAD4-45B5-9B51-DE7F98BC4ACD}.Release|Any CPU.Build.0 = Release|Any CPU
		{5429736A-5E60-4314-8B02-851108AA076F}.Debug|Any CPU.ActiveCfg = Debug|Any CPU
		{5429736A-5E60-4314-8B02-851108AA076F}.Debug|Any CPU.Build.0 = Debug|Any CPU
		{5429736A-5E60-4314-8B02-851108AA076F}.Release|Any CPU.ActiveCfg = Release|Any CPU
		{5429736A-5E60-4314-8B02-851108AA076F}.Release|Any CPU.Build.0 = Release|Any CPU
		{ECAC6B9C-AFC2-4F43-94BE-6CC9E56F0B14}.Debug|Any CPU.ActiveCfg = Debug|Any CPU
		{ECAC6B9C-AFC2-4F43-94BE-6CC9E56F0B14}.Debug|Any CPU.Build.0 = Debug|Any CPU
		{ECAC6B9C-AFC2-4F43-94BE-6CC9E56F0B14}.Release|Any CPU.ActiveCfg = Release|Any CPU
		{ECAC6B9C-AFC2-4F43-94BE-6CC9E56F0B14}.Release|Any CPU.Build.0 = Release|Any CPU
		{B6184314-8205-4C58-9731-FB04937A50E8}.Debug|Any CPU.ActiveCfg = Debug|Any CPU
		{B6184314-8205-4C58-9731-FB04937A50E8}.Debug|Any CPU.Build.0 = Debug|Any CPU
		{B6184314-8205-4C58-9731-FB04937A50E8}.Release|Any CPU.ActiveCfg = Release|Any CPU
		{B6184314-8205-4C58-9731-FB04937A50E8}.Release|Any CPU.Build.0 = Release|Any CPU
		{C5825265-41A2-47EC-830F-B30C6B9A827E}.Debug|Any CPU.ActiveCfg = Debug|Any CPU
		{C5825265-41A2-47EC-830F-B30C6B9A827E}.Debug|Any CPU.Build.0 = Debug|Any CPU
		{C5825265-41A2-47EC-830F-B30C6B9A827E}.Release|Any CPU.ActiveCfg = Release|Any CPU
		{C5825265-41A2-47EC-830F-B30C6B9A827E}.Release|Any CPU.Build.0 = Release|Any CPU
		{C6D717D3-D6B4-45DC-AF25-267E063CCCB6}.Debug|Any CPU.ActiveCfg = Debug|Any CPU
		{C6D717D3-D6B4-45DC-AF25-267E063CCCB6}.Debug|Any CPU.Build.0 = Debug|Any CPU
		{C6D717D3-D6B4-45DC-AF25-267E063CCCB6}.Release|Any CPU.ActiveCfg = Release|Any CPU
		{C6D717D3-D6B4-45DC-AF25-267E063CCCB6}.Release|Any CPU.Build.0 = Release|Any CPU
		{AE4C32CC-3195-41F9-9121-550E776974A6}.Debug|Any CPU.ActiveCfg = Debug|Any CPU
		{AE4C32CC-3195-41F9-9121-550E776974A6}.Debug|Any CPU.Build.0 = Debug|Any CPU
		{AE4C32CC-3195-41F9-9121-550E776974A6}.Release|Any CPU.ActiveCfg = Release|Any CPU
		{AE4C32CC-3195-41F9-9121-550E776974A6}.Release|Any CPU.Build.0 = Release|Any CPU
		{AA371218-BFD8-4D87-B468-A66A34DFF9D5}.Debug|Any CPU.ActiveCfg = Debug|Any CPU
		{AA371218-BFD8-4D87-B468-A66A34DFF9D5}.Debug|Any CPU.Build.0 = Debug|Any CPU
		{B6CE79FD-8904-4116-8FA3-0507F87603EC}.Debug|Any CPU.ActiveCfg = Debug|Any CPU
		{B6CE79FD-8904-4116-8FA3-0507F87603EC}.Debug|Any CPU.Build.0 = Debug|Any CPU
		{80A69652-361A-4B9B-90CC-4E18AF919D4B}.Debug|Any CPU.ActiveCfg = Debug|Any CPU
		{80A69652-361A-4B9B-90CC-4E18AF919D4B}.Debug|Any CPU.Build.0 = Debug|Any CPU
		{80A69652-361A-4B9B-90CC-4E18AF919D4B}.Release|Any CPU.ActiveCfg = Release|Any CPU
		{80A69652-361A-4B9B-90CC-4E18AF919D4B}.Release|Any CPU.Build.0 = Release|Any CPU
		{A6140314-454D-44FF-A989-F5A79973C2DA}.Debug|Any CPU.ActiveCfg = Debug|Any CPU
		{A6140314-454D-44FF-A989-F5A79973C2DA}.Debug|Any CPU.Build.0 = Debug|Any CPU
		{A6140314-454D-44FF-A989-F5A79973C2DA}.Release|Any CPU.ActiveCfg = Release|Any CPU
		{A6140314-454D-44FF-A989-F5A79973C2DA}.Release|Any CPU.Build.0 = Release|Any CPU
		{CE194D5B-4086-4B8D-B8E4-B6F5849BBDDB}.Debug|Any CPU.ActiveCfg = Debug|Any CPU
		{CE194D5B-4086-4B8D-B8E4-B6F5849BBDDB}.Debug|Any CPU.Build.0 = Debug|Any CPU
		{CE194D5B-4086-4B8D-B8E4-B6F5849BBDDB}.Release|Any CPU.ActiveCfg = Release|Any CPU
		{CE194D5B-4086-4B8D-B8E4-B6F5849BBDDB}.Release|Any CPU.Build.0 = Release|Any CPU
		{8CF1F281-E935-49F2-8F0F-1DB12B44E830}.Debug|Any CPU.ActiveCfg = Debug|Any CPU
		{8CF1F281-E935-49F2-8F0F-1DB12B44E830}.Debug|Any CPU.Build.0 = Debug|Any CPU
		{8CF1F281-E935-49F2-8F0F-1DB12B44E830}.Release|Any CPU.ActiveCfg = Release|Any CPU
		{8CF1F281-E935-49F2-8F0F-1DB12B44E830}.Release|Any CPU.Build.0 = Release|Any CPU
	EndGlobalSection
	GlobalSection(NestedProjects) = preSolution
		{DD6D7612-EFDB-48ED-8C15-C2185B7A7012} = {DC52B547-9706-4B78-8DE5-CBCCA22CFE73}
		{765CC6FF-3445-4930-B1E8-6D0C58281067} = {E43D4939-437E-4E63-B98C-BE80E9CE887F}
		{21F90420-EBBE-43C0-8494-8F14DBB9AC3E} = {E43D4939-437E-4E63-B98C-BE80E9CE887F}
		{14850E91-709F-4BA4-9309-2BB06176F11C} = {E43D4939-437E-4E63-B98C-BE80E9CE887F}
		{6DBE3009-80FF-484D-9D81-60CBDB8E2E78} = {E43D4939-437E-4E63-B98C-BE80E9CE887F}
		{639227CD-9E9A-4913-B059-6918190E9238} = {E43D4939-437E-4E63-B98C-BE80E9CE887F}
		{75AD4C3A-BAD4-45B5-9B51-DE7F98BC4ACD} = {16EF5B5F-1C8F-4454-A88B-308A41A05E5F}
		{5429736A-5E60-4314-8B02-851108AA076F} = {A7EBD14B-EA0F-4ADA-A1B0-BCD27ADD92BB}
		{ECAC6B9C-AFC2-4F43-94BE-6CC9E56F0B14} = {793D82C8-BD06-409E-8BB4-CBCEE6BD0C31}
		{B6184314-8205-4C58-9731-FB04937A50E8} = {793D82C8-BD06-409E-8BB4-CBCEE6BD0C31}
		{C5825265-41A2-47EC-830F-B30C6B9A827E} = {793D82C8-BD06-409E-8BB4-CBCEE6BD0C31}
		{C6D717D3-D6B4-45DC-AF25-267E063CCCB6} = {793D82C8-BD06-409E-8BB4-CBCEE6BD0C31}
		{AE4C32CC-3195-41F9-9121-550E776974A6} = {A7465D42-F0A2-4A32-A5A5-DFF88F931871}
		{AA371218-BFD8-4D87-B468-A66A34DFF9D5} = {16EF5B5F-1C8F-4454-A88B-308A41A05E5F}
		{B6CE79FD-8904-4116-8FA3-0507F87603EC} = {16EF5B5F-1C8F-4454-A88B-308A41A05E5F}
		{80A69652-361A-4B9B-90CC-4E18AF919D4B} = {85BBAB34-36AE-41C0-8593-B2252329B7CB}
		{A6140314-454D-44FF-A989-F5A79973C2DA} = {85BBAB34-36AE-41C0-8593-B2252329B7CB}
		{CE194D5B-4086-4B8D-B8E4-B6F5849BBDDB} = {EFFBB7E1-D0F5-4FD9-9F26-EB78062E1474}
		{8CF1F281-E935-49F2-8F0F-1DB12B44E830} = {BCEAD826-6502-4942-A9BC-45C933FAF30D}
	EndGlobalSection
EndGlobal
