
Microsoft Visual Studio Solution File, Format Version 12.00
Project("{FAE04EC0-301F-11D3-BF4B-00C04F79EFBC}") = "Homework-2.API", "Homework-2.API\Homework-2.API.csproj", "{D438CFC4-ABDF-4E0B-903A-EC1E683A9D12}"
EndProject
Project("{FAE04EC0-301F-11D3-BF4B-00C04F79EFBC}") = "Homework-2.Services.Users", "Homework-2.Services.Users\Homework-2.Services.Users.csproj", "{B1497087-0F6D-4DD6-8584-4FE522B82929}"
EndProject
Global
	GlobalSection(SolutionConfigurationPlatforms) = preSolution
		Debug|Any CPU = Debug|Any CPU
		Release|Any CPU = Release|Any CPU
	EndGlobalSection
	GlobalSection(ProjectConfigurationPlatforms) = postSolution
		{D438CFC4-ABDF-4E0B-903A-EC1E683A9D12}.Debug|Any CPU.ActiveCfg = Debug|Any CPU
		{D438CFC4-ABDF-4E0B-903A-EC1E683A9D12}.Debug|Any CPU.Build.0 = Debug|Any CPU
		{D438CFC4-ABDF-4E0B-903A-EC1E683A9D12}.Release|Any CPU.ActiveCfg = Release|Any CPU
		{D438CFC4-ABDF-4E0B-903A-EC1E683A9D12}.Release|Any CPU.Build.0 = Release|Any CPU
		{B1497087-0F6D-4DD6-8584-4FE522B82929}.Debug|Any CPU.ActiveCfg = Debug|Any CPU
		{B1497087-0F6D-4DD6-8584-4FE522B82929}.Debug|Any CPU.Build.0 = Debug|Any CPU
		{B1497087-0F6D-4DD6-8584-4FE522B82929}.Release|Any CPU.ActiveCfg = Release|Any CPU
		{B1497087-0F6D-4DD6-8584-4FE522B82929}.Release|Any CPU.Build.0 = Release|Any CPU
	EndGlobalSection
EndGlobal
